
Microsoft Visual Studio Solution File, Format Version 12.00
# Visual Studio 15
VisualStudioVersion = 15.0.27703.2026
MinimumVisualStudioVersion = 10.0.40219.1
Project("{888888A0-9F3D-457C-B088-3A5042F75D52}") = "DjangoWebProject5", "DjangoWebProject5.pyproj", "{43C581D0-3D75-4A1C-8BAA-1F7587BC26F3}"
EndProject
Global
	GlobalSection(SolutionConfigurationPlatforms) = preSolution
		Debug|Any CPU = Debug|Any CPU
		Release|Any CPU = Release|Any CPU
	EndGlobalSection
	GlobalSection(ProjectConfigurationPlatforms) = postSolution
		{43C581D0-3D75-4A1C-8BAA-1F7587BC26F3}.Debug|Any CPU.ActiveCfg = Debug|Any CPU
		{43C581D0-3D75-4A1C-8BAA-1F7587BC26F3}.Debug|Any CPU.Build.0 = Debug|Any CPU
		{43C581D0-3D75-4A1C-8BAA-1F7587BC26F3}.Release|Any CPU.ActiveCfg = Release|Any CPU
		{43C581D0-3D75-4A1C-8BAA-1F7587BC26F3}.Release|Any CPU.Build.0 = Release|Any CPU
	EndGlobalSection
	GlobalSection(SolutionProperties) = preSolution
		HideSolutionNode = FALSE
	EndGlobalSection
	GlobalSection(ExtensibilityGlobals) = postSolution
		SolutionGuid = {049A9417-733D-4517-A6AB-D69B40DA64DC}
	EndGlobalSection
EndGlobal
